
Microsoft Visual Studio Solution File, Format Version 12.00
# Visual Studio Version 17
VisualStudioVersion = 17.7.34221.43
MinimumVisualStudioVersion = 10.0.40219.1
Project("{FAE04EC0-301F-11D3-BF4B-00C04F79EFBC}") = "ProiectMDS", "ProiectMDS\ProiectMDS.csproj", "{9080A4DB-C122-4601-8C3F-F37B4119B8EA}"
EndProject
Global
	GlobalSection(SolutionConfigurationPlatforms) = preSolution
		Debug|Any CPU = Debug|Any CPU
		Release|Any CPU = Release|Any CPU
	EndGlobalSection
	GlobalSection(ProjectConfigurationPlatforms) = postSolution
		{9080A4DB-C122-4601-8C3F-F37B4119B8EA}.Debug|Any CPU.ActiveCfg = Debug|Any CPU
		{9080A4DB-C122-4601-8C3F-F37B4119B8EA}.Debug|Any CPU.Build.0 = Debug|Any CPU
		{9080A4DB-C122-4601-8C3F-F37B4119B8EA}.Release|Any CPU.ActiveCfg = Release|Any CPU
		{9080A4DB-C122-4601-8C3F-F37B4119B8EA}.Release|Any CPU.Build.0 = Release|Any CPU
	EndGlobalSection
	GlobalSection(SolutionProperties) = preSolution
		HideSolutionNode = FALSE
	EndGlobalSection
	GlobalSection(ExtensibilityGlobals) = postSolution
		SolutionGuid = {DE741B1F-1302-4E46-895F-E8A6A6073A28}
	EndGlobalSection
EndGlobal
